
Microsoft Visual Studio Solution File, Format Version 12.00
# Visual Studio Version 17
VisualStudioVersion = 17.3.32825.248
MinimumVisualStudioVersion = 10.0.40219.1
Project("{FAE04EC0-301F-11D3-BF4B-00C04F79EFBC}") = "Testing", "Testing\Testing.csproj", "{ACDCAD93-B902-4ABA-A0ED-5A188FA06119}"
EndProject
Project("{FAE04EC0-301F-11D3-BF4B-00C04F79EFBC}") = "Testing1", "Testing1\Testing1.csproj", "{8E112392-C75F-4C89-86AD-0C80D50FD149}"
EndProject
Global
	GlobalSection(SolutionConfigurationPlatforms) = preSolution
		Debug|Any CPU = Debug|Any CPU
		Release|Any CPU = Release|Any CPU
	EndGlobalSection
	GlobalSection(ProjectConfigurationPlatforms) = postSolution
		{ACDCAD93-B902-4ABA-A0ED-5A188FA06119}.Debug|Any CPU.ActiveCfg = Debug|Any CPU
		{ACDCAD93-B902-4ABA-A0ED-5A188FA06119}.Debug|Any CPU.Build.0 = Debug|Any CPU
		{ACDCAD93-B902-4ABA-A0ED-5A188FA06119}.Release|Any CPU.ActiveCfg = Release|Any CPU
		{ACDCAD93-B902-4ABA-A0ED-5A188FA06119}.Release|Any CPU.Build.0 = Release|Any CPU
		{8E112392-C75F-4C89-86AD-0C80D50FD149}.Debug|Any CPU.ActiveCfg = Debug|Any CPU
		{8E112392-C75F-4C89-86AD-0C80D50FD149}.Debug|Any CPU.Build.0 = Debug|Any CPU
		{8E112392-C75F-4C89-86AD-0C80D50FD149}.Release|Any CPU.ActiveCfg = Release|Any CPU
		{8E112392-C75F-4C89-86AD-0C80D50FD149}.Release|Any CPU.Build.0 = Release|Any CPU
	EndGlobalSection
	GlobalSection(SolutionProperties) = preSolution
		HideSolutionNode = FALSE
	EndGlobalSection
	GlobalSection(ExtensibilityGlobals) = postSolution
		SolutionGuid = {7535B6D1-DA00-4732-80DF-033679659771}
	EndGlobalSection
EndGlobal
