
Microsoft Visual Studio Solution File, Format Version 12.00
# Visual Studio Version 16
VisualStudioVersion = 16.0.30204.135
MinimumVisualStudioVersion = 10.0.40219.1
Project("{2150E333-8FDC-42A3-9474-1A3956D46DE8}") = "01.Pesentacion", "01.Pesentacion", "{B56D07A0-4FB7-42A1-93C3-2708BBDA9618}"
EndProject
Project("{2150E333-8FDC-42A3-9474-1A3956D46DE8}") = "02.Negocio", "02.Negocio", "{33990AEB-3242-433D-9C95-A521A5C2D374}"
EndProject
Project("{2150E333-8FDC-42A3-9474-1A3956D46DE8}") = "03.Datos", "03.Datos", "{99FE86E0-DC27-44D3-9D0F-024FDE0FF41C}"
EndProject
Project("{FAE04EC0-301F-11D3-BF4B-00C04F79EFBC}") = "DBR.Eventos.Presentacion", "DBR.Eventos.Presentacion\DBR.Eventos.Presentacion.csproj", "{49D70870-B9CF-4CA3-99AA-04903DB782F8}"
EndProject
Project("{FAE04EC0-301F-11D3-BF4B-00C04F79EFBC}") = "DBR.Eventos.Negocio", "DBR.Eventos.Negocio\DBR.Eventos.Negocio.csproj", "{1874B599-5E22-4CB5-9C6B-2F0121754C27}"
EndProject
Project("{FAE04EC0-301F-11D3-BF4B-00C04F79EFBC}") = "DBR.Eventos.Datos", "DBR.Eventos.Datos\DBR.Eventos.Datos.csproj", "{478B4867-DA48-49A3-94F9-8B0CB0F48056}"
EndProject
Project("{2150E333-8FDC-42A3-9474-1A3956D46DE8}") = "00.Comun", "00.Comun", "{5A3F94A7-90AA-42DD-8B31-934D714F7A50}"
EndProject
Project("{FAE04EC0-301F-11D3-BF4B-00C04F79EFBC}") = "DBR.Eventos.Comun", "DBR.Eventos.Comun\DBR.Eventos.Comun.csproj", "{E297BB74-1BD1-4168-AADF-1E0C40D69F68}"
EndProject
Project("{2150E333-8FDC-42A3-9474-1A3956D46DE8}") = "04.Modelo", "04.Modelo", "{1FB49436-35AF-4840-905C-B83DA4A9B8AB}"
EndProject
Project("{FAE04EC0-301F-11D3-BF4B-00C04F79EFBC}") = "DBR.Evento.Modelo", "DBR.Evento.Modelo\DBR.Evento.Modelo.csproj", "{4D268D39-FA6C-42D5-88FB-8FA3889BDF39}"
EndProject
Project("{00D1A9C2-B5F0-4AF3-8072-F6C62B433612}") = "DBR.Eventos.Base", "DBR.Eventos.Base\DBR.Eventos.Base.sqlproj", "{E25F36B3-9D02-40C5-918C-51133DBDCBD7}"
EndProject
Global
	GlobalSection(SolutionConfigurationPlatforms) = preSolution
		Debug|Any CPU = Debug|Any CPU
		Debug|ARM = Debug|ARM
		Debug|x64 = Debug|x64
		Debug|x86 = Debug|x86
		Release|Any CPU = Release|Any CPU
		Release|ARM = Release|ARM
		Release|x64 = Release|x64
		Release|x86 = Release|x86
	EndGlobalSection
	GlobalSection(ProjectConfigurationPlatforms) = postSolution
		{49D70870-B9CF-4CA3-99AA-04903DB782F8}.Debug|Any CPU.ActiveCfg = Debug|Any CPU
		{49D70870-B9CF-4CA3-99AA-04903DB782F8}.Debug|Any CPU.Build.0 = Debug|Any CPU
		{49D70870-B9CF-4CA3-99AA-04903DB782F8}.Debug|ARM.ActiveCfg = Debug|Any CPU
		{49D70870-B9CF-4CA3-99AA-04903DB782F8}.Debug|ARM.Build.0 = Debug|Any CPU
		{49D70870-B9CF-4CA3-99AA-04903DB782F8}.Debug|x64.ActiveCfg = Debug|Any CPU
		{49D70870-B9CF-4CA3-99AA-04903DB782F8}.Debug|x64.Build.0 = Debug|Any CPU
		{49D70870-B9CF-4CA3-99AA-04903DB782F8}.Debug|x86.ActiveCfg = Debug|Any CPU
		{49D70870-B9CF-4CA3-99AA-04903DB782F8}.Debug|x86.Build.0 = Debug|Any CPU
		{49D70870-B9CF-4CA3-99AA-04903DB782F8}.Release|Any CPU.ActiveCfg = Release|Any CPU
		{49D70870-B9CF-4CA3-99AA-04903DB782F8}.Release|Any CPU.Build.0 = Release|Any CPU
		{49D70870-B9CF-4CA3-99AA-04903DB782F8}.Release|ARM.ActiveCfg = Release|Any CPU
		{49D70870-B9CF-4CA3-99AA-04903DB782F8}.Release|ARM.Build.0 = Release|Any CPU
		{49D70870-B9CF-4CA3-99AA-04903DB782F8}.Release|x64.ActiveCfg = Release|Any CPU
		{49D70870-B9CF-4CA3-99AA-04903DB782F8}.Release|x64.Build.0 = Release|Any CPU
		{49D70870-B9CF-4CA3-99AA-04903DB782F8}.Release|x86.ActiveCfg = Release|Any CPU
		{49D70870-B9CF-4CA3-99AA-04903DB782F8}.Release|x86.Build.0 = Release|Any CPU
		{1874B599-5E22-4CB5-9C6B-2F0121754C27}.Debug|Any CPU.ActiveCfg = Debug|Any CPU
		{1874B599-5E22-4CB5-9C6B-2F0121754C27}.Debug|Any CPU.Build.0 = Debug|Any CPU
		{1874B599-5E22-4CB5-9C6B-2F0121754C27}.Debug|ARM.ActiveCfg = Debug|Any CPU
		{1874B599-5E22-4CB5-9C6B-2F0121754C27}.Debug|ARM.Build.0 = Debug|Any CPU
		{1874B599-5E22-4CB5-9C6B-2F0121754C27}.Debug|x64.ActiveCfg = Debug|Any CPU
		{1874B599-5E22-4CB5-9C6B-2F0121754C27}.Debug|x64.Build.0 = Debug|Any CPU
		{1874B599-5E22-4CB5-9C6B-2F0121754C27}.Debug|x86.ActiveCfg = Debug|Any CPU
		{1874B599-5E22-4CB5-9C6B-2F0121754C27}.Debug|x86.Build.0 = Debug|Any CPU
		{1874B599-5E22-4CB5-9C6B-2F0121754C27}.Release|Any CPU.ActiveCfg = Release|Any CPU
		{1874B599-5E22-4CB5-9C6B-2F0121754C27}.Release|Any CPU.Build.0 = Release|Any CPU
		{1874B599-5E22-4CB5-9C6B-2F0121754C27}.Release|ARM.ActiveCfg = Release|Any CPU
		{1874B599-5E22-4CB5-9C6B-2F0121754C27}.Release|ARM.Build.0 = Release|Any CPU
		{1874B599-5E22-4CB5-9C6B-2F0121754C27}.Release|x64.ActiveCfg = Release|Any CPU
		{1874B599-5E22-4CB5-9C6B-2F0121754C27}.Release|x64.Build.0 = Release|Any CPU
		{1874B599-5E22-4CB5-9C6B-2F0121754C27}.Release|x86.ActiveCfg = Release|Any CPU
		{1874B599-5E22-4CB5-9C6B-2F0121754C27}.Release|x86.Build.0 = Release|Any CPU
		{478B4867-DA48-49A3-94F9-8B0CB0F48056}.Debug|Any CPU.ActiveCfg = Debug|Any CPU
		{478B4867-DA48-49A3-94F9-8B0CB0F48056}.Debug|Any CPU.Build.0 = Debug|Any CPU
		{478B4867-DA48-49A3-94F9-8B0CB0F48056}.Debug|ARM.ActiveCfg = Debug|Any CPU
		{478B4867-DA48-49A3-94F9-8B0CB0F48056}.Debug|ARM.Build.0 = Debug|Any CPU
		{478B4867-DA48-49A3-94F9-8B0CB0F48056}.Debug|x64.ActiveCfg = Debug|Any CPU
		{478B4867-DA48-49A3-94F9-8B0CB0F48056}.Debug|x64.Build.0 = Debug|Any CPU
		{478B4867-DA48-49A3-94F9-8B0CB0F48056}.Debug|x86.ActiveCfg = Debug|Any CPU
		{478B4867-DA48-49A3-94F9-8B0CB0F48056}.Debug|x86.Build.0 = Debug|Any CPU
		{478B4867-DA48-49A3-94F9-8B0CB0F48056}.Release|Any CPU.ActiveCfg = Release|Any CPU
		{478B4867-DA48-49A3-94F9-8B0CB0F48056}.Release|Any CPU.Build.0 = Release|Any CPU
		{478B4867-DA48-49A3-94F9-8B0CB0F48056}.Release|ARM.ActiveCfg = Release|Any CPU
		{478B4867-DA48-49A3-94F9-8B0CB0F48056}.Release|ARM.Build.0 = Release|Any CPU
		{478B4867-DA48-49A3-94F9-8B0CB0F48056}.Release|x64.ActiveCfg = Release|Any CPU
		{478B4867-DA48-49A3-94F9-8B0CB0F48056}.Release|x64.Build.0 = Release|Any CPU
		{478B4867-DA48-49A3-94F9-8B0CB0F48056}.Release|x86.ActiveCfg = Release|Any CPU
		{478B4867-DA48-49A3-94F9-8B0CB0F48056}.Release|x86.Build.0 = Release|Any CPU
		{E297BB74-1BD1-4168-AADF-1E0C40D69F68}.Debug|Any CPU.ActiveCfg = Debug|Any CPU
		{E297BB74-1BD1-4168-AADF-1E0C40D69F68}.Debug|Any CPU.Build.0 = Debug|Any CPU
		{E297BB74-1BD1-4168-AADF-1E0C40D69F68}.Debug|ARM.ActiveCfg = Debug|Any CPU
		{E297BB74-1BD1-4168-AADF-1E0C40D69F68}.Debug|ARM.Build.0 = Debug|Any CPU
		{E297BB74-1BD1-4168-AADF-1E0C40D69F68}.Debug|x64.ActiveCfg = Debug|Any CPU
		{E297BB74-1BD1-4168-AADF-1E0C40D69F68}.Debug|x64.Build.0 = Debug|Any CPU
		{E297BB74-1BD1-4168-AADF-1E0C40D69F68}.Debug|x86.ActiveCfg = Debug|Any CPU
		{E297BB74-1BD1-4168-AADF-1E0C40D69F68}.Debug|x86.Build.0 = Debug|Any CPU
		{E297BB74-1BD1-4168-AADF-1E0C40D69F68}.Release|Any CPU.ActiveCfg = Release|Any CPU
		{E297BB74-1BD1-4168-AADF-1E0C40D69F68}.Release|Any CPU.Build.0 = Release|Any CPU
		{E297BB74-1BD1-4168-AADF-1E0C40D69F68}.Release|ARM.ActiveCfg = Release|Any CPU
		{E297BB74-1BD1-4168-AADF-1E0C40D69F68}.Release|ARM.Build.0 = Release|Any CPU
		{E297BB74-1BD1-4168-AADF-1E0C40D69F68}.Release|x64.ActiveCfg = Release|Any CPU
		{E297BB74-1BD1-4168-AADF-1E0C40D69F68}.Release|x64.Build.0 = Release|Any CPU
		{E297BB74-1BD1-4168-AADF-1E0C40D69F68}.Release|x86.ActiveCfg = Release|Any CPU
		{E297BB74-1BD1-4168-AADF-1E0C40D69F68}.Release|x86.Build.0 = Release|Any CPU
		{4D268D39-FA6C-42D5-88FB-8FA3889BDF39}.Debug|Any CPU.ActiveCfg = Debug|Any CPU
		{4D268D39-FA6C-42D5-88FB-8FA3889BDF39}.Debug|Any CPU.Build.0 = Debug|Any CPU
		{4D268D39-FA6C-42D5-88FB-8FA3889BDF39}.Debug|ARM.ActiveCfg = Debug|Any CPU
		{4D268D39-FA6C-42D5-88FB-8FA3889BDF39}.Debug|ARM.Build.0 = Debug|Any CPU
		{4D268D39-FA6C-42D5-88FB-8FA3889BDF39}.Debug|x64.ActiveCfg = Debug|Any CPU
		{4D268D39-FA6C-42D5-88FB-8FA3889BDF39}.Debug|x64.Build.0 = Debug|Any CPU
		{4D268D39-FA6C-42D5-88FB-8FA3889BDF39}.Debug|x86.ActiveCfg = Debug|Any CPU
		{4D268D39-FA6C-42D5-88FB-8FA3889BDF39}.Debug|x86.Build.0 = Debug|Any CPU
		{4D268D39-FA6C-42D5-88FB-8FA3889BDF39}.Release|Any CPU.ActiveCfg = Release|Any CPU
		{4D268D39-FA6C-42D5-88FB-8FA3889BDF39}.Release|Any CPU.Build.0 = Release|Any CPU
		{4D268D39-FA6C-42D5-88FB-8FA3889BDF39}.Release|ARM.ActiveCfg = Release|Any CPU
		{4D268D39-FA6C-42D5-88FB-8FA3889BDF39}.Release|ARM.Build.0 = Release|Any CPU
		{4D268D39-FA6C-42D5-88FB-8FA3889BDF39}.Release|x64.ActiveCfg = Release|Any CPU
		{4D268D39-FA6C-42D5-88FB-8FA3889BDF39}.Release|x64.Build.0 = Release|Any CPU
		{4D268D39-FA6C-42D5-88FB-8FA3889BDF39}.Release|x86.ActiveCfg = Release|Any CPU
		{4D268D39-FA6C-42D5-88FB-8FA3889BDF39}.Release|x86.Build.0 = Release|Any CPU
		{E25F36B3-9D02-40C5-918C-51133DBDCBD7}.Debug|Any CPU.ActiveCfg = Debug|Any CPU
		{E25F36B3-9D02-40C5-918C-51133DBDCBD7}.Debug|Any CPU.Build.0 = Debug|Any CPU
		{E25F36B3-9D02-40C5-918C-51133DBDCBD7}.Debug|Any CPU.Deploy.0 = Debug|Any CPU
		{E25F36B3-9D02-40C5-918C-51133DBDCBD7}.Debug|ARM.ActiveCfg = Debug|Any CPU
		{E25F36B3-9D02-40C5-918C-51133DBDCBD7}.Debug|ARM.Build.0 = Debug|Any CPU
		{E25F36B3-9D02-40C5-918C-51133DBDCBD7}.Debug|ARM.Deploy.0 = Debug|Any CPU
		{E25F36B3-9D02-40C5-918C-51133DBDCBD7}.Debug|x64.ActiveCfg = Debug|Any CPU
		{E25F36B3-9D02-40C5-918C-51133DBDCBD7}.Debug|x64.Build.0 = Debug|Any CPU
		{E25F36B3-9D02-40C5-918C-51133DBDCBD7}.Debug|x64.Deploy.0 = Debug|Any CPU
		{E25F36B3-9D02-40C5-918C-51133DBDCBD7}.Debug|x86.ActiveCfg = Debug|Any CPU
		{E25F36B3-9D02-40C5-918C-51133DBDCBD7}.Debug|x86.Build.0 = Debug|Any CPU
		{E25F36B3-9D02-40C5-918C-51133DBDCBD7}.Debug|x86.Deploy.0 = Debug|Any CPU
		{E25F36B3-9D02-40C5-918C-51133DBDCBD7}.Release|Any CPU.ActiveCfg = Release|Any CPU
		{E25F36B3-9D02-40C5-918C-51133DBDCBD7}.Release|Any CPU.Build.0 = Release|Any CPU
		{E25F36B3-9D02-40C5-918C-51133DBDCBD7}.Release|Any CPU.Deploy.0 = Release|Any CPU
		{E25F36B3-9D02-40C5-918C-51133DBDCBD7}.Release|ARM.ActiveCfg = Release|Any CPU
		{E25F36B3-9D02-40C5-918C-51133DBDCBD7}.Release|ARM.Build.0 = Release|Any CPU
		{E25F36B3-9D02-40C5-918C-51133DBDCBD7}.Release|ARM.Deploy.0 = Release|Any CPU
		{E25F36B3-9D02-40C5-918C-51133DBDCBD7}.Release|x64.ActiveCfg = Release|Any CPU
		{E25F36B3-9D02-40C5-918C-51133DBDCBD7}.Release|x64.Build.0 = Release|Any CPU
		{E25F36B3-9D02-40C5-918C-51133DBDCBD7}.Release|x64.Deploy.0 = Release|Any CPU
		{E25F36B3-9D02-40C5-918C-51133DBDCBD7}.Release|x86.ActiveCfg = Release|Any CPU
		{E25F36B3-9D02-40C5-918C-51133DBDCBD7}.Release|x86.Build.0 = Release|Any CPU
		{E25F36B3-9D02-40C5-918C-51133DBDCBD7}.Release|x86.Deploy.0 = Release|Any CPU
	EndGlobalSection
	GlobalSection(SolutionProperties) = preSolution
		HideSolutionNode = FALSE
	EndGlobalSection
	GlobalSection(NestedProjects) = preSolution
		{49D70870-B9CF-4CA3-99AA-04903DB782F8} = {B56D07A0-4FB7-42A1-93C3-2708BBDA9618}
		{1874B599-5E22-4CB5-9C6B-2F0121754C27} = {33990AEB-3242-433D-9C95-A521A5C2D374}
		{478B4867-DA48-49A3-94F9-8B0CB0F48056} = {99FE86E0-DC27-44D3-9D0F-024FDE0FF41C}
		{E297BB74-1BD1-4168-AADF-1E0C40D69F68} = {5A3F94A7-90AA-42DD-8B31-934D714F7A50}
		{4D268D39-FA6C-42D5-88FB-8FA3889BDF39} = {1FB49436-35AF-4840-905C-B83DA4A9B8AB}
		{E25F36B3-9D02-40C5-918C-51133DBDCBD7} = {99FE86E0-DC27-44D3-9D0F-024FDE0FF41C}
	EndGlobalSection
	GlobalSection(ExtensibilityGlobals) = postSolution
		SolutionGuid = {4DDDB109-044F-4733-82C4-5D88308B1BB6}
	EndGlobalSection
EndGlobal
